{
    "_meta": {
        "hash": {
            "sha256": "b3312c24e9d8b45a0573a8c76e294f86a442dd041114122977553df749a23411"
        },
        "pipfile-spec": 6,
        "requires": {
            "python_version": "3.13"
        },
        "sources": [
            {
                "name": "pypi",
                "url": "https://pypi.org/simple",
                "verify_ssl": true
            }
        ]
    },
    "default": {
        "asgiref": {
            "hashes": [
                "sha256:a5ab6582236218e5ef1648f242fd9f10626cfd4de8dc377db215d5d5098e3142",
                "sha256:f3bba7092a48005b5f5bacd747d36ee4a5a61f4a269a6df590b43144355ebd2c"
            ],
            "markers": "python_version >= '3.9'",
            "version": "==3.9.1"
        },
        "django": {
            "hashes": [
                "sha256:60c35bd96201b10c6e7a78121bd0da51084733efa303cc19ead021ab179cef5e",
                "sha256:a1228c384f8fa13eebc015196db7b3e08722c5058d4758d20cb287503a540d8f"
            ],
            "index": "pypi",
            "markers": "python_version >= '3.10'",
            "version": "==5.2.4"
        },
        "django-allauth": {
            "hashes": [
                "sha256:47daa3b0e11a1d75724ea32995de37bd2b8963e9e4cce2b3a7fd64eb6d3b3c48"
            ],
            "index": "pypi",
            "markers": "python_version >= '3.8'",
            "version": "==65.10.0"
        },
        "django-cleanup": {
            "hashes": [
                "sha256:19f8b0e830233f9f0f683b17181f414672a0f48afe3ea3cc80ba47ae40ad880c",
                "sha256:bb9fb560aaf62959c81e31fa40885c36bbd5854d5aa21b90df2c7e4ba633531e"
            ],
            "index": "pypi",
            "markers": "python_version >= '3.8'",
            "version": "==9.0.0"
        },
        "django-htmx": {
            "hashes": [
                "sha256:65a8c8825fcae983b94aedce26af96a70717ab185d55cdb8a7a4bb68863ab079",
                "sha256:c288fe92bdcfa7c2ed9665d6d23cc55c6693a7cc8d22cf0a01e1e38318874030"
            ],
            "index": "pypi",
            "markers": "python_version >= '3.9'",
            "version": "==1.23.2"
        },
        "sqlparse": {
            "hashes": [
                "sha256:09f67787f56a0b16ecdbde1bfc7f5d9c3371ca683cfeaa8e6ff60b4807ec9272",
                "sha256:cf2196ed3418f3ba5de6af7e82c694a9fbdbfecccdfc72e281548517081f16ca"
            ],
            "markers": "python_version >= '3.8'",
            "version": "==0.5.3"
        },
        "tzdata": {
            "hashes": [
                "sha256:1a403fada01ff9221ca8044d701868fa132215d84beb92242d9acd2147f667a8",
                "sha256:b60a638fcc0daffadf82fe0f57e53d06bdec2f36c4df66280ae79bce6bd6f2b9"
            ],
            "markers": "python_version >= '2'",
            "version": "==2025.2"
        }
    },
    "develop": {}
}
